
Microsoft Visual Studio Solution File, Format Version 12.00
Project("{FAE04EC0-301F-11D3-BF4B-00C04F79EFBC}") = "Uthingo", "Uthingo\Uthingo\Uthingo.csproj", "{C2C3998C-F911-4B36-A39D-0F25959AA7C7}"
EndProject
Global
	GlobalSection(SolutionConfigurationPlatforms) = preSolution
		Debug|Any CPU = Debug|Any CPU
		Release|Any CPU = Release|Any CPU
	EndGlobalSection
	GlobalSection(ProjectConfigurationPlatforms) = postSolution
		{C2C3998C-F911-4B36-A39D-0F25959AA7C7}.Debug|Any CPU.ActiveCfg = Debug|Any CPU
		{C2C3998C-F911-4B36-A39D-0F25959AA7C7}.Debug|Any CPU.Build.0 = Debug|Any CPU
		{C2C3998C-F911-4B36-A39D-0F25959AA7C7}.Release|Any CPU.ActiveCfg = Release|Any CPU
		{C2C3998C-F911-4B36-A39D-0F25959AA7C7}.Release|Any CPU.Build.0 = Release|Any CPU
	EndGlobalSection
EndGlobal
